# THIS IS AN AUTOGENERATED FILE. DO NOT EDIT THIS FILE DIRECTLY.
# yarn lockfile v1


consola@^2.11.3:
  version "2.11.3"
  resolved "https://registry.npmjs.org/consola/-/consola-2.11.3.tgz#f7315836224c143ac5094b47fd4c816c2cd1560e"
  integrity sha512-aoW0YIIAmeftGR8GSpw6CGQluNdkWMWh3yEFjH/hmynTYnMtibXszii3lxCXmk8YxJtI3FAK5aTiquA5VH68Gw==
